{
  "name": "dk-packaged",
  "version": "0.0.1",
  "lockfileVersion": 1,
  "requires": true,
  "dependencies": {
    "dk-packagea": {
      "version": "0.0.15",
      "resolved": "http://artifactory.mhd.local/artifactory/api/npm/npm/dk-packagea/-/dk-packagea-0.0.15.tgz",
      "integrity": "sha1-bxGNGMqBbrDVXw/66LbdO+dDmpI="
    }
  }
}
