{
	"name": "dk-packageb",
	"version": "0.0.9",
	"lockfileVersion": 1,
	"requires": true,
	"dependencies": {
		"dk-packagea": {
			"version": "0.0.11",
			"resolved": "http://artifactory.mhd.local/artifactory/api/npm/npm/dk-packagea/-/dk-packagea-0.0.11.tgz",
			"integrity": "sha1-etVAQt0PYmAhaX7h/JKJparE8yo="
		}
	}
}
